
Microsoft Visual Studio Solution File, Format Version 12.00
# Visual Studio Version 17
VisualStudioVersion = 17.1.32319.34
MinimumVisualStudioVersion = 10.0.40219.1
Project("{FAE04EC0-301F-11D3-BF4B-00C04F79EFBC}") = "LoginWithFacebook.Android", "LoginWithFacebook\LoginWithFacebook.Android\LoginWithFacebook.Android.csproj", "{C0152A76-E0FA-41D6-B607-685C6DB8BBD7}"
EndProject
Project("{FAE04EC0-301F-11D3-BF4B-00C04F79EFBC}") = "LoginWithFacebook", "LoginWithFacebook\LoginWithFacebook\LoginWithFacebook.csproj", "{AFC85448-8BB5-41CD-BE81-ABAE8425A8F4}"
EndProject
Global
	GlobalSection(SolutionConfigurationPlatforms) = preSolution
		Debug|Any CPU = Debug|Any CPU
		Release|Any CPU = Release|Any CPU
	EndGlobalSection
	GlobalSection(ProjectConfigurationPlatforms) = postSolution
		{C0152A76-E0FA-41D6-B607-685C6DB8BBD7}.Debug|Any CPU.ActiveCfg = Debug|Any CPU
		{C0152A76-E0FA-41D6-B607-685C6DB8BBD7}.Debug|Any CPU.Build.0 = Debug|Any CPU
		{C0152A76-E0FA-41D6-B607-685C6DB8BBD7}.Debug|Any CPU.Deploy.0 = Debug|Any CPU
		{C0152A76-E0FA-41D6-B607-685C6DB8BBD7}.Release|Any CPU.ActiveCfg = Release|Any CPU
		{C0152A76-E0FA-41D6-B607-685C6DB8BBD7}.Release|Any CPU.Build.0 = Release|Any CPU
		{C0152A76-E0FA-41D6-B607-685C6DB8BBD7}.Release|Any CPU.Deploy.0 = Release|Any CPU
		{AFC85448-8BB5-41CD-BE81-ABAE8425A8F4}.Debug|Any CPU.ActiveCfg = Debug|Any CPU
		{AFC85448-8BB5-41CD-BE81-ABAE8425A8F4}.Debug|Any CPU.Build.0 = Debug|Any CPU
		{AFC85448-8BB5-41CD-BE81-ABAE8425A8F4}.Debug|Any CPU.Deploy.0 = Debug|Any CPU
		{AFC85448-8BB5-41CD-BE81-ABAE8425A8F4}.Release|Any CPU.ActiveCfg = Release|Any CPU
		{AFC85448-8BB5-41CD-BE81-ABAE8425A8F4}.Release|Any CPU.Build.0 = Release|Any CPU
		{AFC85448-8BB5-41CD-BE81-ABAE8425A8F4}.Release|Any CPU.Deploy.0 = Release|Any CPU
	EndGlobalSection
	GlobalSection(SolutionProperties) = preSolution
		HideSolutionNode = FALSE
	EndGlobalSection
	GlobalSection(ExtensibilityGlobals) = postSolution
		SolutionGuid = {993DF900-AF96-4007-9CCB-C274379B8B77}
	EndGlobalSection
EndGlobal
